github.com/go-deps/normalize v0.1.0 h1:V7p5CFuPDPPrw4dYp9T3CSH3+bl6XlJnwIZsVtfmsxU=
github.com/go-deps/normalize v0.1.0/go.mod h1:qsivAinKrZ2hfCPLk+RWNawLGPof4CQkAD6ixT9Bx1E=
golang.org/x/text v0.42.0 h1:JbOZXgfeCPU9gacVtYliJqOhD+zhrEqK4LfdpmlUZqI=
golang.org/x/text v0.42.0/go.mod h1:ojzP1Z+2QtioaF8DTtO8K5q7JWVVYwZKenzujK0Zd0E=
